PODS:
  - DTCoreText (1.6.26):
    - DTCoreText/Core (= 1.6.26)
    - DTFoundation/Core (~> 1.7.5)
    - DTFoundation/DTAnimatedGIF (~> 1.7.5)
    - DTFoundation/DTHTMLParser (~> 1.7.5)
    - DTFoundation/UIKit (~> 1.7.5)
  - DTCoreText/Core (1.6.26):
    - DTFoundation/Core (~> 1.7.5)
    - DTFoundation/DTAnimatedGIF (~> 1.7.5)
    - DTFoundation/DTHTMLParser (~> 1.7.5)
    - DTFoundation/UIKit (~> 1.7.5)
  - DTFoundation/Core (1.7.18)
  - DTFoundation/DTAnimatedGIF (1.7.18)
  - DTFoundation/DTHTMLParser (1.7.18):
    - DTFoundation/Core
  - DTFoundation/UIKit (1.7.18):
    - DTFoundation/Core
  - YYText (1.0.7)

DEPENDENCIES:
  - DTCoreText
  - YYText

SPEC REPOS:
  trunk:
    - DTCoreText
    - DTFoundation
    - YYText

SPEC CHECKSUMS:
  DTCoreText: ec749e013f2e1f76de5e7c7634642e600a7467ce
  DTFoundation: a53f8cda2489208cbc71c648be177f902ee17536
  YYText: 5c461d709e24d55a182d1441c41dc639a18a4849

PODFILE CHECKSUM: 6a59a13e6a1e5f8941d0f103edd9255ecf722abd

COCOAPODS: 1.11.2
